// !$*UTF8*$!
{
	archiveVersion = 1;
	classes = {
	};
	objectVersion = 46;
	objects = {

/* Begin PBXBuildFile section */
		987415621E6F7C8C006EB120 /* Player.m in Sources */ = {isa = PBXBuildFile; fileRef = 987415611E6F7C8C006EB120 /* Player.m */; };
		987415641E6F838E006EB120 /* Game.m in Sources */ = {isa = PBXBuildFile; fileRef = 987415631E6F838E006EB120 /* Game.m */; };
		987415691E70835A006EB120 /* GameBoard.m in Sources */ = {isa = PBXBuildFile; fileRef = 987415681E70835A006EB120 /* GameBoard.m */; };
		9874156B1E70C4F7006EB120 /* GameModeManual.m in Sources */ = {isa = PBXBuildFile; fileRef = 9874156A1E70C4F7006EB120 /* GameModeManual.m */; };
		9874156E1E70CEC6006EB120 /* GameMode.m in Sources */ = {isa = PBXBuildFile; fileRef = 9874156D1E70CEC6006EB120 /* GameMode.m */; };
		98D3C2231E69FBCE00BAE214 /* main.m in Sources */ = {isa = PBXBuildFile; fileRef = 98D3C2221E69FBCE00BAE214 /* main.m */; };
		98D3C2261E69FBCE00BAE214 /* AppDelegate.m in Sources */ = {isa = PBXBuildFile; fileRef = 98D3C2251E69FBCE00BAE214 /* AppDelegate.m */; };
		98D3C2291E69FBCE00BAE214 /* GameViewController.m in Sources */ = {isa = PBXBuildFile; fileRef = 98D3C2281E69FBCE00BAE214 /* GameViewController.m */; };
		98D3C22C1E69FBCE00BAE214 /* Main.storyboard in Resources */ = {isa = PBXBuildFile; fileRef = 98D3C22A1E69FBCE00BAE214 /* Main.storyboard */; };
		98D3C22E1E69FBCE00BAE214 /* Assets.xcassets in Resources */ = {isa = PBXBuildFile; fileRef = 98D3C22D1E69FBCE00BAE214 /* Assets.xcassets */; };
		98D3C2311E69FBCE00BAE214 /* LaunchScreen.storyboard in Resources */ = {isa = PBXBuildFile; fileRef = 98D3C22F1E69FBCE00BAE214 /* LaunchScreen.storyboard */; };
		98D3C23C1E69FBCE00BAE214 /* TicTacToeTests.m in Sources */ = {isa = PBXBuildFile; fileRef = 98D3C23B1E69FBCE00BAE214 /* TicTacToeTests.m */; };
		98D3C2471E69FBCE00BAE214 /* TicTacToeUITests.m in Sources */ = {isa = PBXBuildFile; fileRef = 98D3C2461E69FBCE00BAE214 /* TicTacToeUITests.m */; };
/* End PBXBuildFile section */

/* Begin PBXContainerItemProxy section */
		98D3C2381E69FBCE00BAE214 /* PBXContainerItemProxy */ = {
			isa = PBXContainerItemProxy;
			containerPortal = 98D3C2161E69FBCE00BAE214 /* Project object */;
			proxyType = 1;
			remoteGlobalIDString = 98D3C21D1E69FBCE00BAE214;
			remoteInfo = TicTacToe;
		};
		98D3C2431E69FBCE00BAE214 /* PBXContainerItemProxy */ = {
			isa = PBXContainerItemProxy;
			containerPortal = 98D3C2161E69FBCE00BAE214 /* Project object */;
			proxyType = 1;
			remoteGlobalIDString = 98D3C21D1E69FBCE00BAE214;
			remoteInfo = TicTacToe;
		};
/* End PBXContainerItemProxy section */

/* Begin PBXFileReference section */
		987415601E6F7A04006EB120 /* Player.h */ = {isa = PBXFileReference; fileEncoding = 4; lastKnownFileType = sourcecode.c.h; path = Player.h; sourceTree = "<group>"; };
		987415611E6F7C8C006EB120 /* Player.m */ = {isa = PBXFileReference; fileEncoding = 4; lastKnownFileType = sourcecode.c.objc; path = Player.m; sourceTree = "<group>"; };
		987415631E6F838E006EB120 /* Game.m */ = {isa = PBXFileReference; fileEncoding = 4; lastKnownFileType = sourcecode.c.objc; path = Game.m; sourceTree = "<group>"; };
		987415651E6F83A5006EB120 /* Game.h */ = {isa = PBXFileReference; lastKnownFileType = sourcecode.c.h; path = Game.h; sourceTree = "<group>"; };
		987415661E707ECA006EB120 /* GameModeManual.h */ = {isa = PBXFileReference; lastKnownFileType = sourcecode.c.h; path = GameModeManual.h; sourceTree = "<group>"; };
		987415671E70806E006EB120 /* GameBoard.h */ = {isa = PBXFileReference; lastKnownFileType = sourcecode.c.h; path = GameBoard.h; sourceTree = "<group>"; };
		987415681E70835A006EB120 /* GameBoard.m */ = {isa = PBXFileReference; fileEncoding = 4; lastKnownFileType = sourcecode.c.objc; path = GameBoard.m; sourceTree = "<group>"; };
		9874156A1E70C4F7006EB120 /* GameModeManual.m */ = {isa = PBXFileReference; fileEncoding = 4; lastKnownFileType = sourcecode.c.objc; path = GameModeManual.m; sourceTree = "<group>"; };
		9874156C1E70CE9F006EB120 /* GameMode.h */ = {isa = PBXFileReference; lastKnownFileType = sourcecode.c.h; path = GameMode.h; sourceTree = "<group>"; };
		9874156D1E70CEC6006EB120 /* GameMode.m */ = {isa = PBXFileReference; fileEncoding = 4; lastKnownFileType = sourcecode.c.objc; path = GameMode.m; sourceTree = "<group>"; };
		987415761E71D3E8006EB120 /* GameModeInterface.h */ = {isa = PBXFileReference; fileEncoding = 4; lastKnownFileType = sourcecode.c.h; path = GameModeInterface.h; sourceTree = "<group>"; };
		98D3C21E1E69FBCE00BAE214 /* TicTacToe.app */ = {isa = PBXFileReference; explicitFileType = wrapper.application; includeInIndex = 0; path = TicTacToe.app; sourceTree = BUILT_PRODUCTS_DIR; };
		98D3C2221E69FBCE00BAE214 /* main.m */ = {isa = PBXFileReference; lastKnownFileType = sourcecode.c.objc; path = main.m; sourceTree = "<group>"; };
		98D3C2241E69FBCE00BAE214 /* AppDelegate.h */ = {isa = PBXFileReference; lastKnownFileType = sourcecode.c.h; path = AppDelegate.h; sourceTree = "<group>"; };
		98D3C2251E69FBCE00BAE214 /* AppDelegate.m */ = {isa = PBXFileReference; lastKnownFileType = sourcecode.c.objc; path = AppDelegate.m; sourceTree = "<group>"; };
		98D3C2271E69FBCE00BAE214 /* GameViewController.h */ = {isa = PBXFileReference; lastKnownFileType = sourcecode.c.h; path = GameViewController.h; sourceTree = "<group>"; };
		98D3C2281E69FBCE00BAE214 /* GameViewController.m */ = {isa = PBXFileReference; lastKnownFileType = sourcecode.c.objc; path = GameViewController.m; sourceTree = "<group>"; };
		98D3C22B1E69FBCE00BAE214 /* Base */ = {isa = PBXFileReference; lastKnownFileType = file.storyboard; name = Base; path = Base.lproj/Main.storyboard; sourceTree = "<group>"; };
		98D3C22D1E69FBCE00BAE214 /* Assets.xcassets */ = {isa = PBXFileReference; lastKnownFileType = folder.assetcatalog; path = Assets.xcassets; sourceTree = "<group>"; };
		98D3C2301E69FBCE00BAE214 /* Base */ = {isa = PBXFileReference; lastKnownFileType = file.storyboard; name = Base; path = Base.lproj/LaunchScreen.storyboard; sourceTree = "<group>"; };
		98D3C2321E69FBCE00BAE214 /* Info.plist */ = {isa = PBXFileReference; lastKnownFileType = text.plist.xml; path = Info.plist; sourceTree = "<group>"; };
		98D3C2371E69FBCE00BAE214 /* TicTacToeTests.xctest */ = {isa = PBXFileReference; explicitFileType = wrapper.cfbundle; includeInIndex = 0; path = TicTacToeTests.xctest; sourceTree = BUILT_PRODUCTS_DIR; };
		98D3C23B1E69FBCE00BAE214 /* TicTacToeTests.m */ = {isa = PBXFileReference; lastKnownFileType = sourcecode.c.objc; path = TicTacToeTests.m; sourceTree = "<group>"; };
		98D3C23D1E69FBCE00BAE214 /* Info.plist */ = {isa = PBXFileReference; lastKnownFileType = text.plist.xml; path = Info.plist; sourceTree = "<group>"; };
		98D3C2421E69FBCE00BAE214 /* TicTacToeUITests.xctest */ = {isa = PBXFileReference; explicitFileType = wrapper.cfbundle; includeInIndex = 0; path = TicTacToeUITests.xctest; sourceTree = BUILT_PRODUCTS_DIR; };
		98D3C2461E69FBCE00BAE214 /* TicTacToeUITests.m */ = {isa = PBXFileReference; lastKnownFileType = sourcecode.c.objc; path = TicTacToeUITests.m; sourceTree = "<group>"; };
		98D3C2481E69FBCE00BAE214 /* Info.plist */ = {isa = PBXFileReference; lastKnownFileType = text.plist.xml; path = Info.plist; sourceTree = "<group>"; };
/* End PBXFileReference section */

/* Begin PBXFrameworksBuildPhase section */
		98D3C21B1E69FBCE00BAE214 /* Frameworks */ = {
			isa = PBXFrameworksBuildPhase;
			buildActionMask = 2147483647;
			files = (
			);
			runOnlyForDeploymentPostprocessing = 0;
		};
		98D3C2341E69FBCE00BAE214 /* Frameworks */ = {
			isa = PBXFrameworksBuildPhase;
			buildActionMask = 2147483647;
			files = (
			);
			runOnlyForDeploymentPostprocessing = 0;
		};
		98D3C23F1E69FBCE00BAE214 /* Frameworks */ = {
			isa = PBXFrameworksBuildPhase;
			buildActionMask = 2147483647;
			files = (
			);
			runOnlyForDeploymentPostprocessing = 0;
		};
/* End PBXFrameworksBuildPhase section */

/* Begin PBXGroup section */
		98D3C2151E69FBCE00BAE214 = {
			isa = PBXGroup;
			children = (
				98D3C2201E69FBCE00BAE214 /* TicTacToe */,
				98D3C23A1E69FBCE00BAE214 /* TicTacToeTests */,
				98D3C2451E69FBCE00BAE214 /* TicTacToeUITests */,
				98D3C21F1E69FBCE00BAE214 /* Products */,
			);
			sourceTree = "<group>";
		};
		98D3C21F1E69FBCE00BAE214 /* Products */ = {
			isa = PBXGroup;
			children = (
				98D3C21E1E69FBCE00BAE214 /* TicTacToe.app */,
				98D3C2371E69FBCE00BAE214 /* TicTacToeTests.xctest */,
				98D3C2421E69FBCE00BAE214 /* TicTacToeUITests.xctest */,
			);
			name = Products;
			sourceTree = "<group>";
		};
		98D3C2201E69FBCE00BAE214 /* TicTacToe */ = {
			isa = PBXGroup;
			children = (
				98D3C2241E69FBCE00BAE214 /* AppDelegate.h */,
				98D3C2251E69FBCE00BAE214 /* AppDelegate.m */,
				98D3C2271E69FBCE00BAE214 /* GameViewController.h */,
				98D3C2281E69FBCE00BAE214 /* GameViewController.m */,
				987415601E6F7A04006EB120 /* Player.h */,
				987415611E6F7C8C006EB120 /* Player.m */,
				987415651E6F83A5006EB120 /* Game.h */,
				987415631E6F838E006EB120 /* Game.m */,
				987415761E71D3E8006EB120 /* GameModeInterface.h */,
				9874156C1E70CE9F006EB120 /* GameMode.h */,
				9874156D1E70CEC6006EB120 /* GameMode.m */,
				987415661E707ECA006EB120 /* GameModeManual.h */,
				9874156A1E70C4F7006EB120 /* GameModeManual.m */,
				987415671E70806E006EB120 /* GameBoard.h */,
				987415681E70835A006EB120 /* GameBoard.m */,
				98D3C22A1E69FBCE00BAE214 /* Main.storyboard */,
				98D3C22D1E69FBCE00BAE214 /* Assets.xcassets */,
				98D3C22F1E69FBCE00BAE214 /* LaunchScreen.storyboard */,
				98D3C2321E69FBCE00BAE214 /* Info.plist */,
				98D3C2211E69FBCE00BAE214 /* Supporting Files */,
			);
			path = TicTacToe;
			sourceTree = "<group>";
		};
		98D3C2211E69FBCE00BAE214 /* Supporting Files */ = {
			isa = PBXGroup;
			children = (
				98D3C2221E69FBCE00BAE214 /* main.m */,
			);
			name = "Supporting Files";
			sourceTree = "<group>";
		};
		98D3C23A1E69FBCE00BAE214 /* TicTacToeTests */ = {
			isa = PBXGroup;
			children = (
				98D3C23B1E69FBCE00BAE214 /* TicTacToeTests.m */,
				98D3C23D1E69FBCE00BAE214 /* Info.plist */,
			);
			path = TicTacToeTests;
			sourceTree = "<group>";
		};
		98D3C2451E69FBCE00BAE214 /* TicTacToeUITests */ = {
			isa = PBXGroup;
			children = (
				98D3C2461E69FBCE00BAE214 /* TicTacToeUITests.m */,
				98D3C2481E69FBCE00BAE214 /* Info.plist */,
			);
			path = TicTacToeUITests;
			sourceTree = "<group>";
		};
/* End PBXGroup section */

/* Begin PBXNativeTarget section */
		98D3C21D1E69FBCE00BAE214 /* TicTacToe */ = {
			isa = PBXNativeTarget;
			buildConfigurationList = 98D3C24B1E69FBCE00BAE214 /* Build configuration list for PBXNativeTarget "TicTacToe" */;
			buildPhases = (
				98D3C21A1E69FBCE00BAE214 /* Sources */,
				98D3C21B1E69FBCE00BAE214 /* Frameworks */,
				98D3C21C1E69FBCE00BAE214 /* Resources */,
			);
			buildRules = (
			);
			dependencies = (
			);
			name = TicTacToe;
			productName = TicTacToe;
			productReference = 98D3C21E1E69FBCE00BAE214 /* TicTacToe.app */;
			productType = "com.apple.product-type.application";
		};
		98D3C2361E69FBCE00BAE214 /* TicTacToeTests */ = {
			isa = PBXNativeTarget;
			buildConfigurationList = 98D3C24E1E69FBCE00BAE214 /* Build configuration list for PBXNativeTarget "TicTacToeTests" */;
			buildPhases = (
				98D3C2331E69FBCE00BAE214 /* Sources */,
				98D3C2341E69FBCE00BAE214 /* Frameworks */,
				98D3C2351E69FBCE00BAE214 /* Resources */,
			);
			buildRules = (
			);
			dependencies = (
				98D3C2391E69FBCE00BAE214 /* PBXTargetDependency */,
			);
			name = TicTacToeTests;
			productName = TicTacToeTests;
			productReference = 98D3C2371E69FBCE00BAE214 /* TicTacToeTests.xctest */;
			productType = "com.apple.product-type.bundle.unit-test";
		};
		98D3C2411E69FBCE00BAE214 /* TicTacToeUITests */ = {
			isa = PBXNativeTarget;
			buildConfigurationList = 98D3C2511E69FBCE00BAE214 /* Build configuration list for PBXNativeTarget "TicTacToeUITests" */;
			buildPhases = (
				98D3C23E1E69FBCE00BAE214 /* Sources */,
				98D3C23F1E69FBCE00BAE214 /* Frameworks */,
				98D3C2401E69FBCE00BAE214 /* Resources */,
			);
			buildRules = (
			);
			dependencies = (
				98D3C2441E69FBCE00BAE214 /* PBXTargetDependency */,
			);
			name = TicTacToeUITests;
			productName = TicTacToeUITests;
			productReference = 98D3C2421E69FBCE00BAE214 /* TicTacToeUITests.xctest */;
			productType = "com.apple.product-type.bundle.ui-testing";
		};
/* End PBXNativeTarget section */

/* Begin PBXProject section */
		98D3C2161E69FBCE00BAE214 /* Project object */ = {
			isa = PBXProject;
			attributes = {
				LastUpgradeCheck = 0820;
				ORGANIZATIONNAME = "Kishan Jayaraman";
				TargetAttributes = {
					98D3C21D1E69FBCE00BAE214 = {
						CreatedOnToolsVersion = 8.2.1;
						ProvisioningStyle = Automatic;
					};
					98D3C2361E69FBCE00BAE214 = {
						CreatedOnToolsVersion = 8.2.1;
						ProvisioningStyle = Automatic;
						TestTargetID = 98D3C21D1E69FBCE00BAE214;
					};
					98D3C2411E69FBCE00BAE214 = {
						CreatedOnToolsVersion = 8.2.1;
						ProvisioningStyle = Automatic;
						TestTargetID = 98D3C21D1E69FBCE00BAE214;
					};
				};
			};
			buildConfigurationList = 98D3C2191E69FBCE00BAE214 /* Build configuration list for PBXProject "TicTacToe" */;
			compatibilityVersion = "Xcode 3.2";
			developmentRegion = English;
			hasScannedForEncodings = 0;
			knownRegions = (
				en,
				Base,
			);
			mainGroup = 98D3C2151E69FBCE00BAE214;
			productRefGroup = 98D3C21F1E69FBCE00BAE214 /* Products */;
			projectDirPath = "";
			projectRoot = "";
			targets = (
				98D3C21D1E69FBCE00BAE214 /* TicTacToe */,
				98D3C2361E69FBCE00BAE214 /* TicTacToeTests */,
				98D3C2411E69FBCE00BAE214 /* TicTacToeUITests */,
			);
		};
/* End PBXProject section */

/* Begin PBXResourcesBuildPhase section */
		98D3C21C1E69FBCE00BAE214 /* Resources */ = {
			isa = PBXResourcesBuildPhase;
			buildActionMask = 2147483647;
			files = (
				98D3C2311E69FBCE00BAE214 /* LaunchScreen.storyboard in Resources */,
				98D3C22E1E69FBCE00BAE214 /* Assets.xcassets in Resources */,
				98D3C22C1E69FBCE00BAE214 /* Main.storyboard in Resources */,
			);
			runOnlyForDeploymentPostprocessing = 0;
		};
		98D3C2351E69FBCE00BAE214 /* Resources */ = {
			isa = PBXResourcesBuildPhase;
			buildActionMask = 2147483647;
			files = (
			);
			runOnlyForDeploymentPostprocessing = 0;
		};
		98D3C2401E69FBCE00BAE214 /* Resources */ = {
			isa = PBXResourcesBuildPhase;
			buildActionMask = 2147483647;
			files = (
			);
			runOnlyForDeploymentPostprocessing = 0;
		};
/* End PBXResourcesBuildPhase section */

/* Begin PBXSourcesBuildPhase section */
		98D3C21A1E69FBCE00BAE214 /* Sources */ = {
			isa = PBXSourcesBuildPhase;
			buildActionMask = 2147483647;
			files = (
				987415641E6F838E006EB120 /* Game.m in Sources */,
				987415621E6F7C8C006EB120 /* Player.m in Sources */,
				9874156B1E70C4F7006EB120 /* GameModeManual.m in Sources */,
				98D3C2291E69FBCE00BAE214 /* GameViewController.m in Sources */,
				9874156E1E70CEC6006EB120 /* GameMode.m in Sources */,
				98D3C2261E69FBCE00BAE214 /* AppDelegate.m in Sources */,
				987415691E70835A006EB120 /* GameBoard.m in Sources */,
				98D3C2231E69FBCE00BAE214 /* main.m in Sources */,
			);
			runOnlyForDeploymentPostprocessing = 0;
		};
		98D3C2331E69FBCE00BAE214 /* Sources */ = {
			isa = PBXSourcesBuildPhase;
			buildActionMask = 2147483647;
			files = (
				98D3C23C1E69FBCE00BAE214 /* TicTacToeTests.m in Sources */,
			);
			runOnlyForDeploymentPostprocessing = 0;
		};
		98D3C23E1E69FBCE00BAE214 /* Sources */ = {
			isa = PBXSourcesBuildPhase;
			buildActionMask = 2147483647;
			files = (
				98D3C2471E69FBCE00BAE214 /* TicTacToeUITests.m in Sources */,
			);
			runOnlyForDeploymentPostprocessing = 0;
		};
/* End PBXSourcesBuildPhase section */

/* Begin PBXTargetDependency section */
		98D3C2391E69FBCE00BAE214 /* PBXTargetDependency */ = {
			isa = PBXTargetDependency;
			target = 98D3C21D1E69FBCE00BAE214 /* TicTacToe */;
			targetProxy = 98D3C2381E69FBCE00BAE214 /* PBXContainerItemProxy */;
		};
		98D3C2441E69FBCE00BAE214 /* PBXTargetDependency */ = {
			isa = PBXTargetDependency;
			target = 98D3C21D1E69FBCE00BAE214 /* TicTacToe */;
			targetProxy = 98D3C2431E69FBCE00BAE214 /* PBXContainerItemProxy */;
		};
/* End PBXTargetDependency section */

/* Begin PBXVariantGroup section */
		98D3C22A1E69FBCE00BAE214 /* Main.storyboard */ = {
			isa = PBXVariantGroup;
			children = (
				98D3C22B1E69FBCE00BAE214 /* Base */,
			);
			name = Main.storyboard;
			sourceTree = "<group>";
		};
		98D3C22F1E69FBCE00BAE214 /* LaunchScreen.storyboard */ = {
			isa = PBXVariantGroup;
			children = (
				98D3C2301E69FBCE00BAE214 /* Base */,
			);
			name = LaunchScreen.storyboard;
			sourceTree = "<group>";
		};
/* End PBXVariantGroup section */

/* Begin XCBuildConfiguration section */
		98D3C2491E69FBCE00BAE214 /* Debug */ = {
			isa = XCBuildConfiguration;
			buildSettings = {
				ALWAYS_SEARCH_USER_PATHS = NO;
				CLANG_ANALYZER_NONNULL = YES;
				CLANG_CXX_LANGUAGE_STANDARD = "gnu++0x";
				CLANG_CXX_LIBRARY = "libc++";
				CLANG_ENABLE_MODULES = YES;
				CLANG_ENABLE_OBJC_ARC = YES;
				CLANG_WARN_BOOL_CONVERSION = YES;
				CLANG_WARN_CONSTANT_CONVERSION = YES;
				CLANG_WARN_DIRECT_OBJC_ISA_USAGE = YES_ERROR;
				CLANG_WARN_DOCUMENTATION_COMMENTS = YES;
				CLANG_WARN_EMPTY_BODY = YES;
				CLANG_WARN_ENUM_CONVERSION = YES;
				CLANG_WARN_INFINITE_RECURSION = YES;
				CLANG_WARN_INT_CONVERSION = YES;
				CLANG_WARN_OBJC_ROOT_CLASS = YES_ERROR;
				CLANG_WARN_SUSPICIOUS_MOVE = YES;
				CLANG_WARN_UNREACHABLE_CODE = YES;
				CLANG_WARN__DUPLICATE_METHOD_MATCH = YES;
				"CODE_SIGN_IDENTITY[sdk=iphoneos*]" = "iPhone Developer";
				COPY_PHASE_STRIP = NO;
				DEBUG_INFORMATION_FORMAT = dwarf;
				ENABLE_STRICT_OBJC_MSGSEND = YES;
				ENABLE_TESTABILITY = YES;
				GCC_C_LANGUAGE_STANDARD = gnu99;
				GCC_DYNAMIC_NO_PIC = NO;
				GCC_NO_COMMON_BLOCKS = YES;
				GCC_OPTIMIZATION_LEVEL = 0;
				GCC_PREPROCESSOR_DEFINITIONS = (
					"DEBUG=1",
					"$(inherited)",
				);
				GCC_WARN_64_TO_32_BIT_CONVERSION = YES;
				GCC_WARN_ABOUT_RETURN_TYPE = YES_ERROR;
				GCC_WARN_UNDECLARED_SELECTOR = YES;
				GCC_WARN_UNINITIALIZED_AUTOS = YES_AGGRESSIVE;
				GCC_WARN_UNUSED_FUNCTION = YES;
				GCC_WARN_UNUSED_VARIABLE = YES;
				IPHONEOS_DEPLOYMENT_TARGET = 10.2;
				MTL_ENABLE_DEBUG_INFO = YES;
				ONLY_ACTIVE_ARCH = YES;
				SDKROOT = iphoneos;
				TARGETED_DEVICE_FAMILY = "1,2";
			};
			name = Debug;
		};
		98D3C24A1E69FBCE00BAE214 /* Release */ = {
			isa = XCBuildConfiguration;
			buildSettings = {
				ALWAYS_SEARCH_USER_PATHS = NO;
				CLANG_ANALYZER_NONNULL = YES;
				CLANG_CXX_LANGUAGE_STANDARD = "gnu++0x";
				CLANG_CXX_LIBRARY = "libc++";
				CLANG_ENABLE_MODULES = YES;
				CLANG_ENABLE_OBJC_ARC = YES;
				CLANG_WARN_BOOL_CONVERSION = YES;
				CLANG_WARN_CONSTANT_CONVERSION = YES;
				CLANG_WARN_DIRECT_OBJC_ISA_USAGE = YES_ERROR;
				CLANG_WARN_DOCUMENTATION_COMMENTS = YES;
				CLANG_WARN_EMPTY_BODY = YES;
				CLANG_WARN_ENUM_CONVERSION = YES;
				CLANG_WARN_INFINITE_RECURSION = YES;
				CLANG_WARN_INT_CONVERSION = YES;
				CLANG_WARN_OBJC_ROOT_CLASS = YES_ERROR;
				CLANG_WARN_SUSPICIOUS_MOVE = YES;
				CLANG_WARN_UNREACHABLE_CODE = YES;
				CLANG_WARN__DUPLICATE_METHOD_MATCH = YES;
				"CODE_SIGN_IDENTITY[sdk=iphoneos*]" = "iPhone Developer";
				COPY_PHASE_STRIP = NO;
				DEBUG_INFORMATION_FORMAT = "dwarf-with-dsym";
				ENABLE_NS_ASSERTIONS = NO;
				ENABLE_STRICT_OBJC_MSGSEND = YES;
				GCC_C_LANGUAGE_STANDARD = gnu99;
				GCC_NO_COMMON_BLOCKS = YES;
				GCC_WARN_64_TO_32_BIT_CONVERSION = YES;
				GCC_WARN_ABOUT_RETURN_TYPE = YES_ERROR;
				GCC_WARN_UNDECLARED_SELECTOR = YES;
				GCC_WARN_UNINITIALIZED_AUTOS = YES_AGGRESSIVE;
				GCC_WARN_UNUSED_FUNCTION = YES;
				GCC_WARN_UNUSED_VARIABLE = YES;
				IPHONEOS_DEPLOYMENT_TARGET = 10.2;
				MTL_ENABLE_DEBUG_INFO = NO;
				SDKROOT = iphoneos;
				TARGETED_DEVICE_FAMILY = "1,2";
				VALIDATE_PRODUCT = YES;
			};
			name = Release;
		};
		98D3C24C1E69FBCE00BAE214 /* Debug */ = {
			isa = XCBuildConfiguration;
			buildSettings = {
				ASSETCATALOG_COMPILER_APPICON_NAME = AppIcon;
				INFOPLIST_FILE = TicTacToe/Info.plist;
				LD_RUNPATH_SEARCH_PATHS = "$(inherited) @executable_path/Frameworks";
				PRODUCT_BUNDLE_IDENTIFIER = kishanj.TicTacToe;
				PRODUCT_NAME = "$(TARGET_NAME)";
			};
			name = Debug;
		};
		98D3C24D1E69FBCE00BAE214 /* Release */ = {
			isa = XCBuildConfiguration;
			buildSettings = {
				ASSETCATALOG_COMPILER_APPICON_NAME = AppIcon;
				INFOPLIST_FILE = TicTacToe/Info.plist;
				LD_RUNPATH_SEARCH_PATHS = "$(inherited) @executable_path/Frameworks";
				PRODUCT_BUNDLE_IDENTIFIER = kishanj.TicTacToe;
				PRODUCT_NAME = "$(TARGET_NAME)";
			};
			name = Release;
		};
		98D3C24F1E69FBCE00BAE214 /* Debug */ = {
			isa = XCBuildConfiguration;
			buildSettings = {
				BUNDLE_LOADER = "$(TEST_HOST)";
				INFOPLIST_FILE = TicTacToeTests/Info.plist;
				LD_RUNPATH_SEARCH_PATHS = "$(inherited) @executable_path/Frameworks @loader_path/Frameworks";
				PRODUCT_BUNDLE_IDENTIFIER = kishanj.TicTacToeTests;
				PRODUCT_NAME = "$(TARGET_NAME)";
				TEST_HOST = "$(BUILT_PRODUCTS_DIR)/TicTacToe.app/TicTacToe";
			};
			name = Debug;
		};
		98D3C2501E69FBCE00BAE214 /* Release */ = {
			isa = XCBuildConfiguration;
			buildSettings = {
				BUNDLE_LOADER = "$(TEST_HOST)";
				INFOPLIST_FILE = TicTacToeTests/Info.plist;
				LD_RUNPATH_SEARCH_PATHS = "$(inherited) @executable_path/Frameworks @loader_path/Frameworks";
				PRODUCT_BUNDLE_IDENTIFIER = kishanj.TicTacToeTests;
				PRODUCT_NAME = "$(TARGET_NAME)";
				TEST_HOST = "$(BUILT_PRODUCTS_DIR)/TicTacToe.app/TicTacToe";
			};
			name = Release;
		};
		98D3C2521E69FBCE00BAE214 /* Debug */ = {
			isa = XCBuildConfiguration;
			buildSettings = {
				INFOPLIST_FILE = TicTacToeUITests/Info.plist;
				LD_RUNPATH_SEARCH_PATHS = "$(inherited) @executable_path/Frameworks @loader_path/Frameworks";
				PRODUCT_BUNDLE_IDENTIFIER = kishanj.TicTacToeUITests;
				PRODUCT_NAME = "$(TARGET_NAME)";
				TEST_TARGET_NAME = TicTacToe;
			};
			name = Debug;
		};
		98D3C2531E69FBCE00BAE214 /* Release */ = {
			isa = XCBuildConfiguration;
			buildSettings = {
				INFOPLIST_FILE = TicTacToeUITests/Info.plist;
				LD_RUNPATH_SEARCH_PATHS = "$(inherited) @executable_path/Frameworks @loader_path/Frameworks";
				PRODUCT_BUNDLE_IDENTIFIER = kishanj.TicTacToeUITests;
				PRODUCT_NAME = "$(TARGET_NAME)";
				TEST_TARGET_NAME = TicTacToe;
			};
			name = Release;
		};
/* End XCBuildConfiguration section */

/* Begin XCConfigurationList section */
		98D3C2191E69FBCE00BAE214 /* Build configuration list for PBXProject "TicTacToe" */ = {
			isa = XCConfigurationList;
			buildConfigurations = (
				98D3C2491E69FBCE00BAE214 /* Debug */,
				98D3C24A1E69FBCE00BAE214 /* Release */,
			);
			defaultConfigurationIsVisible = 0;
			defaultConfigurationName = Release;
		};
		98D3C24B1E69FBCE00BAE214 /* Build configuration list for PBXNativeTarget "TicTacToe" */ = {
			isa = XCConfigurationList;
			buildConfigurations = (
				98D3C24C1E69FBCE00BAE214 /* Debug */,
				98D3C24D1E69FBCE00BAE214 /* Release */,
			);
			defaultConfigurationIsVisible = 0;
			defaultConfigurationName = Release;
		};
		98D3C24E1E69FBCE00BAE214 /* Build configuration list for PBXNativeTarget "TicTacToeTests" */ = {
			isa = XCConfigurationList;
			buildConfigurations = (
				98D3C24F1E69FBCE00BAE214 /* Debug */,
				98D3C2501E69FBCE00BAE214 /* Release */,
			);
			defaultConfigurationIsVisible = 0;
			defaultConfigurationName = Release;
		};
		98D3C2511E69FBCE00BAE214 /* Build configuration list for PBXNativeTarget "TicTacToeUITests" */ = {
			isa = XCConfigurationList;
			buildConfigurations = (
				98D3C2521E69FBCE00BAE214 /* Debug */,
				98D3C2531E69FBCE00BAE214 /* Release */,
			);
			defaultConfigurationIsVisible = 0;
			defaultConfigurationName = Release;
		};
/* End XCConfigurationList section */
	};
	rootObject = 98D3C2161E69FBCE00BAE214 /* Project object */;
}
